
Microsoft Visual Studio Solution File, Format Version 12.00
# Visual Studio Version 17
VisualStudioVersion = 17.5.33530.505
MinimumVisualStudioVersion = 10.0.40219.1
Project("{FAE04EC0-301F-11D3-BF4B-00C04F79EFBC}") = "FleetManagement_Backend", "FleetManagement_Backend\FleetManagement_Backend.csproj", "{BD786A59-ECCE-4803-B53C-CF2329B79796}"
EndProject
Global
	GlobalSection(SolutionConfigurationPlatforms) = preSolution
		Debug|Any CPU = Debug|Any CPU
		Release|Any CPU = Release|Any CPU
	EndGlobalSection
	GlobalSection(ProjectConfigurationPlatforms) = postSolution
		{BD786A59-ECCE-4803-B53C-CF2329B79796}.Debug|Any CPU.ActiveCfg = Debug|Any CPU
		{BD786A59-ECCE-4803-B53C-CF2329B79796}.Debug|Any CPU.Build.0 = Debug|Any CPU
		{BD786A59-ECCE-4803-B53C-CF2329B79796}.Release|Any CPU.ActiveCfg = Release|Any CPU
		{BD786A59-ECCE-4803-B53C-CF2329B79796}.Release|Any CPU.Build.0 = Release|Any CPU
	EndGlobalSection
	GlobalSection(SolutionProperties) = preSolution
		HideSolutionNode = FALSE
	EndGlobalSection
	GlobalSection(ExtensibilityGlobals) = postSolution
		SolutionGuid = {E5E0629B-DF11-46C1-AFB7-6C2898F0F00E}
	EndGlobalSection
EndGlobal
